
Microsoft Visual Studio Solution File, Format Version 12.00
# Visual Studio Version 17
VisualStudioVersion = 17.8.34309.116
MinimumVisualStudioVersion = 10.0.40219.1
Project("{FAE04EC0-301F-11D3-BF4B-00C04F79EFBC}") = "WebAPI", "WebAPI\WebAPI.csproj", "{18D36871-794C-4A5C-B638-59E6D24C1B4C}"
EndProject
Global
	GlobalSection(SolutionConfigurationPlatforms) = preSolution
		Debug|Any CPU = Debug|Any CPU
		Release|Any CPU = Release|Any CPU
	EndGlobalSection
	GlobalSection(ProjectConfigurationPlatforms) = postSolution
		{18D36871-794C-4A5C-B638-59E6D24C1B4C}.Debug|Any CPU.ActiveCfg = Debug|Any CPU
		{18D36871-794C-4A5C-B638-59E6D24C1B4C}.Debug|Any CPU.Build.0 = Debug|Any CPU
		{18D36871-794C-4A5C-B638-59E6D24C1B4C}.Release|Any CPU.ActiveCfg = Release|Any CPU
		{18D36871-794C-4A5C-B638-59E6D24C1B4C}.Release|Any CPU.Build.0 = Release|Any CPU
	EndGlobalSection
	GlobalSection(SolutionProperties) = preSolution
		HideSolutionNode = FALSE
	EndGlobalSection
	GlobalSection(ExtensibilityGlobals) = postSolution
		SolutionGuid = {DA233450-6C58-457D-80FC-26E08ECDA096}
	EndGlobalSection
EndGlobal
